
Microsoft Visual Studio Solution File, Format Version 12.00
# Visual Studio 15
VisualStudioVersion = 15.0.28010.2046
MinimumVisualStudioVersion = 10.0.40219.1
Project("{FAE04EC0-301F-11D3-BF4B-00C04F79EFBC}") = "trumpeldor.Android", "trumpeldor\trumpeldor.Android\trumpeldor.Android.csproj", "{D3FE07F4-34E2-4874-BE44-8850ECF05168}"
EndProject
Project("{FAE04EC0-301F-11D3-BF4B-00C04F79EFBC}") = "trumpeldor.iOS", "trumpeldor\trumpeldor.iOS\trumpeldor.iOS.csproj", "{09823FB0-C8AC-440C-8628-9EC65A50D860}"
EndProject
Project("{FAE04EC0-301F-11D3-BF4B-00C04F79EFBC}") = "trumpeldor.UWP", "trumpeldor\trumpeldor.UWP\trumpeldor.UWP.csproj", "{417488D1-6D9F-43DE-82C0-0CCC16A91464}"
EndProject
Project("{9A19103F-16F7-4668-BE54-9A1E7A4F7556}") = "trumpeldor", "trumpeldor\trumpeldor\trumpeldor.csproj", "{40C6A1BA-EB97-47AB-8C1B-74A5567DDAFB}"
EndProject
Project("{2150E333-8FDC-42A3-9474-1A3956D46DE8}") = "Tests", "Tests", "{91FA4EB4-2DF4-413E-838F-7D910253D7C3}"
EndProject
Project("{FAE04EC0-301F-11D3-BF4B-00C04F79EFBC}") = "UnitTests", "UnitTests\UnitTests.csproj", "{FE4C7EBE-FABC-4D56-BBAE-6B52543AD4B0}"
EndProject
Project("{FAE04EC0-301F-11D3-BF4B-00C04F79EFBC}") = "UITest", "UITest\UITest.csproj", "{7FE77964-D343-437A-9276-919E3A366D67}"
EndProject
Global
	GlobalSection(SolutionConfigurationPlatforms) = preSolution
		Ad-Hoc|Any CPU = Ad-Hoc|Any CPU
		Ad-Hoc|ARM = Ad-Hoc|ARM
		Ad-Hoc|iPhone = Ad-Hoc|iPhone
		Ad-Hoc|iPhoneSimulator = Ad-Hoc|iPhoneSimulator
		Ad-Hoc|x64 = Ad-Hoc|x64
		Ad-Hoc|x86 = Ad-Hoc|x86
		AppStore|Any CPU = AppStore|Any CPU
		AppStore|ARM = AppStore|ARM
		AppStore|iPhone = AppStore|iPhone
		AppStore|iPhoneSimulator = AppStore|iPhoneSimulator
		AppStore|x64 = AppStore|x64
		AppStore|x86 = AppStore|x86
		Debug|Any CPU = Debug|Any CPU
		Debug|ARM = Debug|ARM
		Debug|iPhone = Debug|iPhone
		Debug|iPhoneSimulator = Debug|iPhoneSimulator
		Debug|x64 = Debug|x64
		Debug|x86 = Debug|x86
		Release|Any CPU = Release|Any CPU
		Release|ARM = Release|ARM
		Release|iPhone = Release|iPhone
		Release|iPhoneSimulator = Release|iPhoneSimulator
		Release|x64 = Release|x64
		Release|x86 = Release|x86
	EndGlobalSection
	GlobalSection(ProjectConfigurationPlatforms) = postSolution
		{D3FE07F4-34E2-4874-BE44-8850ECF05168}.Ad-Hoc|Any CPU.ActiveCfg = Release|Any CPU
		{D3FE07F4-34E2-4874-BE44-8850ECF05168}.Ad-Hoc|Any CPU.Build.0 = Release|Any CPU
		{D3FE07F4-34E2-4874-BE44-8850ECF05168}.Ad-Hoc|Any CPU.Deploy.0 = Release|Any CPU
		{D3FE07F4-34E2-4874-BE44-8850ECF05168}.Ad-Hoc|ARM.ActiveCfg = Release|Any CPU
		{D3FE07F4-34E2-4874-BE44-8850ECF05168}.Ad-Hoc|ARM.Build.0 = Release|Any CPU
		{D3FE07F4-34E2-4874-BE44-8850ECF05168}.Ad-Hoc|ARM.Deploy.0 = Release|Any CPU
		{D3FE07F4-34E2-4874-BE44-8850ECF05168}.Ad-Hoc|iPhone.ActiveCfg = Release|Any CPU
		{D3FE07F4-34E2-4874-BE44-8850ECF05168}.Ad-Hoc|iPhone.Build.0 = Release|Any CPU
		{D3FE07F4-34E2-4874-BE44-8850ECF05168}.Ad-Hoc|iPhone.Deploy.0 = Release|Any CPU
		{D3FE07F4-34E2-4874-BE44-8850ECF05168}.Ad-Hoc|iPhoneSimulator.ActiveCfg = Release|Any CPU
		{D3FE07F4-34E2-4874-BE44-8850ECF05168}.Ad-Hoc|iPhoneSimulator.Build.0 = Release|Any CPU
		{D3FE07F4-34E2-4874-BE44-8850ECF05168}.Ad-Hoc|iPhoneSimulator.Deploy.0 = Release|Any CPU
		{D3FE07F4-34E2-4874-BE44-8850ECF05168}.Ad-Hoc|x64.ActiveCfg = Release|Any CPU
		{D3FE07F4-34E2-4874-BE44-8850ECF05168}.Ad-Hoc|x64.Build.0 = Release|Any CPU
		{D3FE07F4-34E2-4874-BE44-8850ECF05168}.Ad-Hoc|x64.Deploy.0 = Release|Any CPU
		{D3FE07F4-34E2-4874-BE44-8850ECF05168}.Ad-Hoc|x86.ActiveCfg = Release|Any CPU
		{D3FE07F4-34E2-4874-BE44-8850ECF05168}.Ad-Hoc|x86.Build.0 = Release|Any CPU
		{D3FE07F4-34E2-4874-BE44-8850ECF05168}.Ad-Hoc|x86.Deploy.0 = Release|Any CPU
		{D3FE07F4-34E2-4874-BE44-8850ECF05168}.AppStore|Any CPU.ActiveCfg = Release|Any CPU
		{D3FE07F4-34E2-4874-BE44-8850ECF05168}.AppStore|Any CPU.Build.0 = Release|Any CPU
		{D3FE07F4-34E2-4874-BE44-8850ECF05168}.AppStore|Any CPU.Deploy.0 = Release|Any CPU
		{D3FE07F4-34E2-4874-BE44-8850ECF05168}.AppStore|ARM.ActiveCfg = Release|Any CPU
		{D3FE07F4-34E2-4874-BE44-8850ECF05168}.AppStore|ARM.Build.0 = Release|Any CPU
		{D3FE07F4-34E2-4874-BE44-8850ECF05168}.AppStore|ARM.Deploy.0 = Release|Any CPU
		{D3FE07F4-34E2-4874-BE44-8850ECF05168}.AppStore|iPhone.ActiveCfg = Release|Any CPU
		{D3FE07F4-34E2-4874-BE44-8850ECF05168}.AppStore|iPhone.Build.0 = Release|Any CPU
		{D3FE07F4-34E2-4874-BE44-8850ECF05168}.AppStore|iPhone.Deploy.0 = Release|Any CPU
		{D3FE07F4-34E2-4874-BE44-8850ECF05168}.AppStore|iPhoneSimulator.ActiveCfg = Release|Any CPU
		{D3FE07F4-34E2-4874-BE44-8850ECF05168}.AppStore|iPhoneSimulator.Build.0 = Release|Any CPU
		{D3FE07F4-34E2-4874-BE44-8850ECF05168}.AppStore|iPhoneSimulator.Deploy.0 = Release|Any CPU
		{D3FE07F4-34E2-4874-BE44-8850ECF05168}.AppStore|x64.ActiveCfg = Release|Any CPU
		{D3FE07F4-34E2-4874-BE44-8850ECF05168}.AppStore|x64.Build.0 = Release|Any CPU
		{D3FE07F4-34E2-4874-BE44-8850ECF05168}.AppStore|x64.Deploy.0 = Release|Any CPU
		{D3FE07F4-34E2-4874-BE44-8850ECF05168}.AppStore|x86.ActiveCfg = Release|Any CPU
		{D3FE07F4-34E2-4874-BE44-8850ECF05168}.AppStore|x86.Build.0 = Release|Any CPU
		{D3FE07F4-34E2-4874-BE44-8850ECF05168}.AppStore|x86.Deploy.0 = Release|Any CPU
		{D3FE07F4-34E2-4874-BE44-8850ECF05168}.Debug|Any CPU.ActiveCfg = Debug|Any CPU
		{D3FE07F4-34E2-4874-BE44-8850ECF05168}.Debug|Any CPU.Build.0 = Debug|Any CPU
		{D3FE07F4-34E2-4874-BE44-8850ECF05168}.Debug|Any CPU.Deploy.0 = Debug|Any CPU
		{D3FE07F4-34E2-4874-BE44-8850ECF05168}.Debug|ARM.ActiveCfg = Debug|Any CPU
		{D3FE07F4-34E2-4874-BE44-8850ECF05168}.Debug|ARM.Build.0 = Debug|Any CPU
		{D3FE07F4-34E2-4874-BE44-8850ECF05168}.Debug|ARM.Deploy.0 = Debug|Any CPU
		{D3FE07F4-34E2-4874-BE44-8850ECF05168}.Debug|iPhone.ActiveCfg = Debug|Any CPU
		{D3FE07F4-34E2-4874-BE44-8850ECF05168}.Debug|iPhone.Build.0 = Debug|Any CPU
		{D3FE07F4-34E2-4874-BE44-8850ECF05168}.Debug|iPhone.Deploy.0 = Debug|Any CPU
		{D3FE07F4-34E2-4874-BE44-8850ECF05168}.Debug|iPhoneSimulator.ActiveCfg = Debug|Any CPU
		{D3FE07F4-34E2-4874-BE44-8850ECF05168}.Debug|iPhoneSimulator.Build.0 = Debug|Any CPU
		{D3FE07F4-34E2-4874-BE44-8850ECF05168}.Debug|iPhoneSimulator.Deploy.0 = Debug|Any CPU
		{D3FE07F4-34E2-4874-BE44-8850ECF05168}.Debug|x64.ActiveCfg = Debug|Any CPU
		{D3FE07F4-34E2-4874-BE44-8850ECF05168}.Debug|x64.Build.0 = Debug|Any CPU
		{D3FE07F4-34E2-4874-BE44-8850ECF05168}.Debug|x64.Deploy.0 = Debug|Any CPU
		{D3FE07F4-34E2-4874-BE44-8850ECF05168}.Debug|x86.ActiveCfg = Debug|Any CPU
		{D3FE07F4-34E2-4874-BE44-8850ECF05168}.Debug|x86.Build.0 = Debug|Any CPU
		{D3FE07F4-34E2-4874-BE44-8850ECF05168}.Debug|x86.Deploy.0 = Debug|Any CPU
		{D3FE07F4-34E2-4874-BE44-8850ECF05168}.Release|Any CPU.ActiveCfg = Release|Any CPU
		{D3FE07F4-34E2-4874-BE44-8850ECF05168}.Release|Any CPU.Build.0 = Release|Any CPU
		{D3FE07F4-34E2-4874-BE44-8850ECF05168}.Release|Any CPU.Deploy.0 = Release|Any CPU
		{D3FE07F4-34E2-4874-BE44-8850ECF05168}.Release|ARM.ActiveCfg = Release|Any CPU
		{D3FE07F4-34E2-4874-BE44-8850ECF05168}.Release|ARM.Build.0 = Release|Any CPU
		{D3FE07F4-34E2-4874-BE44-8850ECF05168}.Release|ARM.Deploy.0 = Release|Any CPU
		{D3FE07F4-34E2-4874-BE44-8850ECF05168}.Release|iPhone.ActiveCfg = Release|Any CPU
		{D3FE07F4-34E2-4874-BE44-8850ECF05168}.Release|iPhone.Build.0 = Release|Any CPU
		{D3FE07F4-34E2-4874-BE44-8850ECF05168}.Release|iPhone.Deploy.0 = Release|Any CPU
		{D3FE07F4-34E2-4874-BE44-8850ECF05168}.Release|iPhoneSimulator.ActiveCfg = Release|Any CPU
		{D3FE07F4-34E2-4874-BE44-8850ECF05168}.Release|iPhoneSimulator.Build.0 = Release|Any CPU
		{D3FE07F4-34E2-4874-BE44-8850ECF05168}.Release|iPhoneSimulator.Deploy.0 = Release|Any CPU
		{D3FE07F4-34E2-4874-BE44-8850ECF05168}.Release|x64.ActiveCfg = Release|Any CPU
		{D3FE07F4-34E2-4874-BE44-8850ECF05168}.Release|x64.Build.0 = Release|Any CPU
		{D3FE07F4-34E2-4874-BE44-8850ECF05168}.Release|x64.Deploy.0 = Release|Any CPU
		{D3FE07F4-34E2-4874-BE44-8850ECF05168}.Release|x86.ActiveCfg = Release|Any CPU
		{D3FE07F4-34E2-4874-BE44-8850ECF05168}.Release|x86.Build.0 = Release|Any CPU
		{D3FE07F4-34E2-4874-BE44-8850ECF05168}.Release|x86.Deploy.0 = Release|Any CPU
		{09823FB0-C8AC-440C-8628-9EC65A50D860}.Ad-Hoc|Any CPU.ActiveCfg = Ad-Hoc|iPhone
		{09823FB0-C8AC-440C-8628-9EC65A50D860}.Ad-Hoc|Any CPU.Build.0 = Ad-Hoc|iPhone
		{09823FB0-C8AC-440C-8628-9EC65A50D860}.Ad-Hoc|Any CPU.Deploy.0 = Ad-Hoc|iPhone
		{09823FB0-C8AC-440C-8628-9EC65A50D860}.Ad-Hoc|ARM.ActiveCfg = Ad-Hoc|iPhone
		{09823FB0-C8AC-440C-8628-9EC65A50D860}.Ad-Hoc|ARM.Build.0 = Ad-Hoc|iPhone
		{09823FB0-C8AC-440C-8628-9EC65A50D860}.Ad-Hoc|ARM.Deploy.0 = Ad-Hoc|iPhone
		{09823FB0-C8AC-440C-8628-9EC65A50D860}.Ad-Hoc|iPhone.ActiveCfg = Ad-Hoc|iPhone
		{09823FB0-C8AC-440C-8628-9EC65A50D860}.Ad-Hoc|iPhone.Build.0 = Ad-Hoc|iPhone
		{09823FB0-C8AC-440C-8628-9EC65A50D860}.Ad-Hoc|iPhone.Deploy.0 = Ad-Hoc|iPhone
		{09823FB0-C8AC-440C-8628-9EC65A50D860}.Ad-Hoc|iPhoneSimulator.ActiveCfg = Ad-Hoc|iPhoneSimulator
		{09823FB0-C8AC-440C-8628-9EC65A50D860}.Ad-Hoc|iPhoneSimulator.Build.0 = Ad-Hoc|iPhoneSimulator
		{09823FB0-C8AC-440C-8628-9EC65A50D860}.Ad-Hoc|iPhoneSimulator.Deploy.0 = Ad-Hoc|iPhoneSimulator
		{09823FB0-C8AC-440C-8628-9EC65A50D860}.Ad-Hoc|x64.ActiveCfg = Ad-Hoc|iPhone
		{09823FB0-C8AC-440C-8628-9EC65A50D860}.Ad-Hoc|x64.Build.0 = Ad-Hoc|iPhone
		{09823FB0-C8AC-440C-8628-9EC65A50D860}.Ad-Hoc|x64.Deploy.0 = Ad-Hoc|iPhone
		{09823FB0-C8AC-440C-8628-9EC65A50D860}.Ad-Hoc|x86.ActiveCfg = Ad-Hoc|iPhone
		{09823FB0-C8AC-440C-8628-9EC65A50D860}.Ad-Hoc|x86.Build.0 = Ad-Hoc|iPhone
		{09823FB0-C8AC-440C-8628-9EC65A50D860}.Ad-Hoc|x86.Deploy.0 = Ad-Hoc|iPhone
		{09823FB0-C8AC-440C-8628-9EC65A50D860}.AppStore|Any CPU.ActiveCfg = AppStore|iPhone
		{09823FB0-C8AC-440C-8628-9EC65A50D860}.AppStore|Any CPU.Build.0 = AppStore|iPhone
		{09823FB0-C8AC-440C-8628-9EC65A50D860}.AppStore|Any CPU.Deploy.0 = AppStore|iPhone
		{09823FB0-C8AC-440C-8628-9EC65A50D860}.AppStore|ARM.ActiveCfg = AppStore|iPhone
		{09823FB0-C8AC-440C-8628-9EC65A50D860}.AppStore|ARM.Build.0 = AppStore|iPhone
		{09823FB0-C8AC-440C-8628-9EC65A50D860}.AppStore|ARM.Deploy.0 = AppStore|iPhone
		{09823FB0-C8AC-440C-8628-9EC65A50D860}.AppStore|iPhone.ActiveCfg = AppStore|iPhone
		{09823FB0-C8AC-440C-8628-9EC65A50D860}.AppStore|iPhone.Build.0 = AppStore|iPhone
		{09823FB0-C8AC-440C-8628-9EC65A50D860}.AppStore|iPhone.Deploy.0 = AppStore|iPhone
		{09823FB0-C8AC-440C-8628-9EC65A50D860}.AppStore|iPhoneSimulator.ActiveCfg = AppStore|iPhoneSimulator
		{09823FB0-C8AC-440C-8628-9EC65A50D860}.AppStore|iPhoneSimulator.Build.0 = AppStore|iPhoneSimulator
		{09823FB0-C8AC-440C-8628-9EC65A50D860}.AppStore|iPhoneSimulator.Deploy.0 = AppStore|iPhoneSimulator
		{09823FB0-C8AC-440C-8628-9EC65A50D860}.AppStore|x64.ActiveCfg = AppStore|iPhone
		{09823FB0-C8AC-440C-8628-9EC65A50D860}.AppStore|x64.Build.0 = AppStore|iPhone
		{09823FB0-C8AC-440C-8628-9EC65A50D860}.AppStore|x64.Deploy.0 = AppStore|iPhone
		{09823FB0-C8AC-440C-8628-9EC65A50D860}.AppStore|x86.ActiveCfg = AppStore|iPhone
		{09823FB0-C8AC-440C-8628-9EC65A50D860}.AppStore|x86.Build.0 = AppStore|iPhone
		{09823FB0-C8AC-440C-8628-9EC65A50D860}.AppStore|x86.Deploy.0 = AppStore|iPhone
		{09823FB0-C8AC-440C-8628-9EC65A50D860}.Debug|Any CPU.ActiveCfg = Debug|iPhoneSimulator
		{09823FB0-C8AC-440C-8628-9EC65A50D860}.Debug|Any CPU.Build.0 = Debug|iPhoneSimulator
		{09823FB0-C8AC-440C-8628-9EC65A50D860}.Debug|Any CPU.Deploy.0 = Debug|iPhoneSimulator
		{09823FB0-C8AC-440C-8628-9EC65A50D860}.Debug|ARM.ActiveCfg = Debug|iPhone
		{09823FB0-C8AC-440C-8628-9EC65A50D860}.Debug|ARM.Build.0 = Debug|iPhone
		{09823FB0-C8AC-440C-8628-9EC65A50D860}.Debug|ARM.Deploy.0 = Debug|iPhone
		{09823FB0-C8AC-440C-8628-9EC65A50D860}.Debug|iPhone.ActiveCfg = Debug|iPhone
		{09823FB0-C8AC-440C-8628-9EC65A50D860}.Debug|iPhone.Build.0 = Debug|iPhone
		{09823FB0-C8AC-440C-8628-9EC65A50D860}.Debug|iPhone.Deploy.0 = Debug|iPhone
		{09823FB0-C8AC-440C-8628-9EC65A50D860}.Debug|iPhoneSimulator.ActiveCfg = Debug|iPhoneSimulator
		{09823FB0-C8AC-440C-8628-9EC65A50D860}.Debug|iPhoneSimulator.Build.0 = Debug|iPhoneSimulator
		{09823FB0-C8AC-440C-8628-9EC65A50D860}.Debug|iPhoneSimulator.Deploy.0 = Debug|iPhoneSimulator
		{09823FB0-C8AC-440C-8628-9EC65A50D860}.Debug|x64.ActiveCfg = Debug|iPhone
		{09823FB0-C8AC-440C-8628-9EC65A50D860}.Debug|x64.Build.0 = Debug|iPhone
		{09823FB0-C8AC-440C-8628-9EC65A50D860}.Debug|x64.Deploy.0 = Debug|iPhone
		{09823FB0-C8AC-440C-8628-9EC65A50D860}.Debug|x86.ActiveCfg = Debug|iPhone
		{09823FB0-C8AC-440C-8628-9EC65A50D860}.Debug|x86.Build.0 = Debug|iPhone
		{09823FB0-C8AC-440C-8628-9EC65A50D860}.Debug|x86.Deploy.0 = Debug|iPhone
		{09823FB0-C8AC-440C-8628-9EC65A50D860}.Release|Any CPU.ActiveCfg = Release|iPhone
		{09823FB0-C8AC-440C-8628-9EC65A50D860}.Release|Any CPU.Build.0 = Release|iPhone
		{09823FB0-C8AC-440C-8628-9EC65A50D860}.Release|Any CPU.Deploy.0 = Release|iPhone
		{09823FB0-C8AC-440C-8628-9EC65A50D860}.Release|ARM.ActiveCfg = Release|iPhone
		{09823FB0-C8AC-440C-8628-9EC65A50D860}.Release|ARM.Build.0 = Release|iPhone
		{09823FB0-C8AC-440C-8628-9EC65A50D860}.Release|ARM.Deploy.0 = Release|iPhone
		{09823FB0-C8AC-440C-8628-9EC65A50D860}.Release|iPhone.ActiveCfg = Release|iPhone
		{09823FB0-C8AC-440C-8628-9EC65A50D860}.Release|iPhone.Build.0 = Release|iPhone
		{09823FB0-C8AC-440C-8628-9EC65A50D860}.Release|iPhone.Deploy.0 = Release|iPhone
		{09823FB0-C8AC-440C-8628-9EC65A50D860}.Release|iPhoneSimulator.ActiveCfg = Release|iPhoneSimulator
		{09823FB0-C8AC-440C-8628-9EC65A50D860}.Release|iPhoneSimulator.Build.0 = Release|iPhoneSimulator
		{09823FB0-C8AC-440C-8628-9EC65A50D860}.Release|iPhoneSimulator.Deploy.0 = Release|iPhoneSimulator
		{09823FB0-C8AC-440C-8628-9EC65A50D860}.Release|x64.ActiveCfg = Release|iPhone
		{09823FB0-C8AC-440C-8628-9EC65A50D860}.Release|x64.Build.0 = Release|iPhone
		{09823FB0-C8AC-440C-8628-9EC65A50D860}.Release|x64.Deploy.0 = Release|iPhone
		{09823FB0-C8AC-440C-8628-9EC65A50D860}.Release|x86.ActiveCfg = Release|iPhone
		{09823FB0-C8AC-440C-8628-9EC65A50D860}.Release|x86.Build.0 = Release|iPhone
		{09823FB0-C8AC-440C-8628-9EC65A50D860}.Release|x86.Deploy.0 = Release|iPhone
		{417488D1-6D9F-43DE-82C0-0CCC16A91464}.Ad-Hoc|Any CPU.ActiveCfg = Release|x86
		{417488D1-6D9F-43DE-82C0-0CCC16A91464}.Ad-Hoc|Any CPU.Build.0 = Release|x86
		{417488D1-6D9F-43DE-82C0-0CCC16A91464}.Ad-Hoc|Any CPU.Deploy.0 = Release|x86
		{417488D1-6D9F-43DE-82C0-0CCC16A91464}.Ad-Hoc|ARM.ActiveCfg = Release|ARM
		{417488D1-6D9F-43DE-82C0-0CCC16A91464}.Ad-Hoc|ARM.Build.0 = Release|ARM
		{417488D1-6D9F-43DE-82C0-0CCC16A91464}.Ad-Hoc|ARM.Deploy.0 = Release|ARM
		{417488D1-6D9F-43DE-82C0-0CCC16A91464}.Ad-Hoc|iPhone.ActiveCfg = Release|x86
		{417488D1-6D9F-43DE-82C0-0CCC16A91464}.Ad-Hoc|iPhone.Build.0 = Release|x86
		{417488D1-6D9F-43DE-82C0-0CCC16A91464}.Ad-Hoc|iPhone.Deploy.0 = Release|x86
		{417488D1-6D9F-43DE-82C0-0CCC16A91464}.Ad-Hoc|iPhoneSimulator.ActiveCfg = Release|x86
		{417488D1-6D9F-43DE-82C0-0CCC16A91464}.Ad-Hoc|iPhoneSimulator.Build.0 = Release|x86
		{417488D1-6D9F-43DE-82C0-0CCC16A91464}.Ad-Hoc|iPhoneSimulator.Deploy.0 = Release|x86
		{417488D1-6D9F-43DE-82C0-0CCC16A91464}.Ad-Hoc|x64.ActiveCfg = Release|x64
		{417488D1-6D9F-43DE-82C0-0CCC16A91464}.Ad-Hoc|x64.Build.0 = Release|x64
		{417488D1-6D9F-43DE-82C0-0CCC16A91464}.Ad-Hoc|x64.Deploy.0 = Release|x64
		{417488D1-6D9F-43DE-82C0-0CCC16A91464}.Ad-Hoc|x86.ActiveCfg = Release|x86
		{417488D1-6D9F-43DE-82C0-0CCC16A91464}.Ad-Hoc|x86.Build.0 = Release|x86
		{417488D1-6D9F-43DE-82C0-0CCC16A91464}.Ad-Hoc|x86.Deploy.0 = Release|x86
		{417488D1-6D9F-43DE-82C0-0CCC16A91464}.AppStore|Any CPU.ActiveCfg = Release|x86
		{417488D1-6D9F-43DE-82C0-0CCC16A91464}.AppStore|Any CPU.Build.0 = Release|x86
		{417488D1-6D9F-43DE-82C0-0CCC16A91464}.AppStore|Any CPU.Deploy.0 = Release|x86
		{417488D1-6D9F-43DE-82C0-0CCC16A91464}.AppStore|ARM.ActiveCfg = Release|ARM
		{417488D1-6D9F-43DE-82C0-0CCC16A91464}.AppStore|ARM.Build.0 = Release|ARM
		{417488D1-6D9F-43DE-82C0-0CCC16A91464}.AppStore|ARM.Deploy.0 = Release|ARM
		{417488D1-6D9F-43DE-82C0-0CCC16A91464}.AppStore|iPhone.ActiveCfg = Release|x86
		{417488D1-6D9F-43DE-82C0-0CCC16A91464}.AppStore|iPhone.Build.0 = Release|x86
		{417488D1-6D9F-43DE-82C0-0CCC16A91464}.AppStore|iPhone.Deploy.0 = Release|x86
		{417488D1-6D9F-43DE-82C0-0CCC16A91464}.AppStore|iPhoneSimulator.ActiveCfg = Release|x86
		{417488D1-6D9F-43DE-82C0-0CCC16A91464}.AppStore|iPhoneSimulator.Build.0 = Release|x86
		{417488D1-6D9F-43DE-82C0-0CCC16A91464}.AppStore|iPhoneSimulator.Deploy.0 = Release|x86
		{417488D1-6D9F-43DE-82C0-0CCC16A91464}.AppStore|x64.ActiveCfg = Release|x64
		{417488D1-6D9F-43DE-82C0-0CCC16A91464}.AppStore|x64.Build.0 = Release|x64
		{417488D1-6D9F-43DE-82C0-0CCC16A91464}.AppStore|x64.Deploy.0 = Release|x64
		{417488D1-6D9F-43DE-82C0-0CCC16A91464}.AppStore|x86.ActiveCfg = Release|x86
		{417488D1-6D9F-43DE-82C0-0CCC16A91464}.AppStore|x86.Build.0 = Release|x86
		{417488D1-6D9F-43DE-82C0-0CCC16A91464}.AppStore|x86.Deploy.0 = Release|x86
		{417488D1-6D9F-43DE-82C0-0CCC16A91464}.Debug|Any CPU.ActiveCfg = Debug|x86
		{417488D1-6D9F-43DE-82C0-0CCC16A91464}.Debug|Any CPU.Build.0 = Debug|x86
		{417488D1-6D9F-43DE-82C0-0CCC16A91464}.Debug|Any CPU.Deploy.0 = Debug|x86
		{417488D1-6D9F-43DE-82C0-0CCC16A91464}.Debug|ARM.ActiveCfg = Debug|ARM
		{417488D1-6D9F-43DE-82C0-0CCC16A91464}.Debug|ARM.Build.0 = Debug|ARM
		{417488D1-6D9F-43DE-82C0-0CCC16A91464}.Debug|ARM.Deploy.0 = Debug|ARM
		{417488D1-6D9F-43DE-82C0-0CCC16A91464}.Debug|iPhone.ActiveCfg = Debug|x86
		{417488D1-6D9F-43DE-82C0-0CCC16A91464}.Debug|iPhone.Build.0 = Debug|x86
		{417488D1-6D9F-43DE-82C0-0CCC16A91464}.Debug|iPhone.Deploy.0 = Debug|x86
		{417488D1-6D9F-43DE-82C0-0CCC16A91464}.Debug|iPhoneSimulator.ActiveCfg = Debug|x86
		{417488D1-6D9F-43DE-82C0-0CCC16A91464}.Debug|iPhoneSimulator.Build.0 = Debug|x86
		{417488D1-6D9F-43DE-82C0-0CCC16A91464}.Debug|iPhoneSimulator.Deploy.0 = Debug|x86
		{417488D1-6D9F-43DE-82C0-0CCC16A91464}.Debug|x64.ActiveCfg = Debug|x64
		{417488D1-6D9F-43DE-82C0-0CCC16A91464}.Debug|x64.Build.0 = Debug|x64
		{417488D1-6D9F-43DE-82C0-0CCC16A91464}.Debug|x64.Deploy.0 = Debug|x64
		{417488D1-6D9F-43DE-82C0-0CCC16A91464}.Debug|x86.ActiveCfg = Debug|x86
		{417488D1-6D9F-43DE-82C0-0CCC16A91464}.Debug|x86.Build.0 = Debug|x86
		{417488D1-6D9F-43DE-82C0-0CCC16A91464}.Debug|x86.Deploy.0 = Debug|x86
		{417488D1-6D9F-43DE-82C0-0CCC16A91464}.Release|Any CPU.ActiveCfg = Release|x86
		{417488D1-6D9F-43DE-82C0-0CCC16A91464}.Release|Any CPU.Build.0 = Release|x86
		{417488D1-6D9F-43DE-82C0-0CCC16A91464}.Release|Any CPU.Deploy.0 = Release|x86
		{417488D1-6D9F-43DE-82C0-0CCC16A91464}.Release|ARM.ActiveCfg = Release|ARM
		{417488D1-6D9F-43DE-82C0-0CCC16A91464}.Release|ARM.Build.0 = Release|ARM
		{417488D1-6D9F-43DE-82C0-0CCC16A91464}.Release|ARM.Deploy.0 = Release|ARM
		{417488D1-6D9F-43DE-82C0-0CCC16A91464}.Release|iPhone.ActiveCfg = Release|x86
		{417488D1-6D9F-43DE-82C0-0CCC16A91464}.Release|iPhone.Build.0 = Release|x86
		{417488D1-6D9F-43DE-82C0-0CCC16A91464}.Release|iPhone.Deploy.0 = Release|x86
		{417488D1-6D9F-43DE-82C0-0CCC16A91464}.Release|iPhoneSimulator.ActiveCfg = Release|x86
		{417488D1-6D9F-43DE-82C0-0CCC16A91464}.Release|iPhoneSimulator.Build.0 = Release|x86
		{417488D1-6D9F-43DE-82C0-0CCC16A91464}.Release|iPhoneSimulator.Deploy.0 = Release|x86
		{417488D1-6D9F-43DE-82C0-0CCC16A91464}.Release|x64.ActiveCfg = Release|x64
		{417488D1-6D9F-43DE-82C0-0CCC16A91464}.Release|x64.Build.0 = Release|x64
		{417488D1-6D9F-43DE-82C0-0CCC16A91464}.Release|x64.Deploy.0 = Release|x64
		{417488D1-6D9F-43DE-82C0-0CCC16A91464}.Release|x86.ActiveCfg = Release|x86
		{417488D1-6D9F-43DE-82C0-0CCC16A91464}.Release|x86.Build.0 = Release|x86
		{417488D1-6D9F-43DE-82C0-0CCC16A91464}.Release|x86.Deploy.0 = Release|x86
		{40C6A1BA-EB97-47AB-8C1B-74A5567DDAFB}.Ad-Hoc|Any CPU.ActiveCfg = Debug|Any CPU
		{40C6A1BA-EB97-47AB-8C1B-74A5567DDAFB}.Ad-Hoc|Any CPU.Build.0 = Debug|Any CPU
		{40C6A1BA-EB97-47AB-8C1B-74A5567DDAFB}.Ad-Hoc|Any CPU.Deploy.0 = Debug|Any CPU
		{40C6A1BA-EB97-47AB-8C1B-74A5567DDAFB}.Ad-Hoc|ARM.ActiveCfg = Debug|Any CPU
		{40C6A1BA-EB97-47AB-8C1B-74A5567DDAFB}.Ad-Hoc|ARM.Build.0 = Debug|Any CPU
		{40C6A1BA-EB97-47AB-8C1B-74A5567DDAFB}.Ad-Hoc|ARM.Deploy.0 = Debug|Any CPU
		{40C6A1BA-EB97-47AB-8C1B-74A5567DDAFB}.Ad-Hoc|iPhone.ActiveCfg = Debug|Any CPU
		{40C6A1BA-EB97-47AB-8C1B-74A5567DDAFB}.Ad-Hoc|iPhone.Build.0 = Debug|Any CPU
		{40C6A1BA-EB97-47AB-8C1B-74A5567DDAFB}.Ad-Hoc|iPhone.Deploy.0 = Debug|Any CPU
		{40C6A1BA-EB97-47AB-8C1B-74A5567DDAFB}.Ad-Hoc|iPhoneSimulator.ActiveCfg = Debug|Any CPU
		{40C6A1BA-EB97-47AB-8C1B-74A5567DDAFB}.Ad-Hoc|iPhoneSimulator.Build.0 = Debug|Any CPU
		{40C6A1BA-EB97-47AB-8C1B-74A5567DDAFB}.Ad-Hoc|iPhoneSimulator.Deploy.0 = Debug|Any CPU
		{40C6A1BA-EB97-47AB-8C1B-74A5567DDAFB}.Ad-Hoc|x64.ActiveCfg = Debug|Any CPU
		{40C6A1BA-EB97-47AB-8C1B-74A5567DDAFB}.Ad-Hoc|x64.Build.0 = Debug|Any CPU
		{40C6A1BA-EB97-47AB-8C1B-74A5567DDAFB}.Ad-Hoc|x64.Deploy.0 = Debug|Any CPU
		{40C6A1BA-EB97-47AB-8C1B-74A5567DDAFB}.Ad-Hoc|x86.ActiveCfg = Debug|Any CPU
		{40C6A1BA-EB97-47AB-8C1B-74A5567DDAFB}.Ad-Hoc|x86.Build.0 = Debug|Any CPU
		{40C6A1BA-EB97-47AB-8C1B-74A5567DDAFB}.Ad-Hoc|x86.Deploy.0 = Debug|Any CPU
		{40C6A1BA-EB97-47AB-8C1B-74A5567DDAFB}.AppStore|Any CPU.ActiveCfg = Debug|Any CPU
		{40C6A1BA-EB97-47AB-8C1B-74A5567DDAFB}.AppStore|Any CPU.Build.0 = Debug|Any CPU
		{40C6A1BA-EB97-47AB-8C1B-74A5567DDAFB}.AppStore|Any CPU.Deploy.0 = Debug|Any CPU
		{40C6A1BA-EB97-47AB-8C1B-74A5567DDAFB}.AppStore|ARM.ActiveCfg = Debug|Any CPU
		{40C6A1BA-EB97-47AB-8C1B-74A5567DDAFB}.AppStore|ARM.Build.0 = Debug|Any CPU
		{40C6A1BA-EB97-47AB-8C1B-74A5567DDAFB}.AppStore|ARM.Deploy.0 = Debug|Any CPU
		{40C6A1BA-EB97-47AB-8C1B-74A5567DDAFB}.AppStore|iPhone.ActiveCfg = Debug|Any CPU
		{40C6A1BA-EB97-47AB-8C1B-74A5567DDAFB}.AppStore|iPhone.Build.0 = Debug|Any CPU
		{40C6A1BA-EB97-47AB-8C1B-74A5567DDAFB}.AppStore|iPhone.Deploy.0 = Debug|Any CPU
		{40C6A1BA-EB97-47AB-8C1B-74A5567DDAFB}.AppStore|iPhoneSimulator.ActiveCfg = Debug|Any CPU
		{40C6A1BA-EB97-47AB-8C1B-74A5567DDAFB}.AppStore|iPhoneSimulator.Build.0 = Debug|Any CPU
		{40C6A1BA-EB97-47AB-8C1B-74A5567DDAFB}.AppStore|iPhoneSimulator.Deploy.0 = Debug|Any CPU
		{40C6A1BA-EB97-47AB-8C1B-74A5567DDAFB}.AppStore|x64.ActiveCfg = Debug|Any CPU
		{40C6A1BA-EB97-47AB-8C1B-74A5567DDAFB}.AppStore|x64.Build.0 = Debug|Any CPU
		{40C6A1BA-EB97-47AB-8C1B-74A5567DDAFB}.AppStore|x64.Deploy.0 = Debug|Any CPU
		{40C6A1BA-EB97-47AB-8C1B-74A5567DDAFB}.AppStore|x86.ActiveCfg = Debug|Any CPU
		{40C6A1BA-EB97-47AB-8C1B-74A5567DDAFB}.AppStore|x86.Build.0 = Debug|Any CPU
		{40C6A1BA-EB97-47AB-8C1B-74A5567DDAFB}.AppStore|x86.Deploy.0 = Debug|Any CPU
		{40C6A1BA-EB97-47AB-8C1B-74A5567DDAFB}.Debug|Any CPU.ActiveCfg = Debug|Any CPU
		{40C6A1BA-EB97-47AB-8C1B-74A5567DDAFB}.Debug|Any CPU.Build.0 = Debug|Any CPU
		{40C6A1BA-EB97-47AB-8C1B-74A5567DDAFB}.Debug|Any CPU.Deploy.0 = Debug|Any CPU
		{40C6A1BA-EB97-47AB-8C1B-74A5567DDAFB}.Debug|ARM.ActiveCfg = Debug|Any CPU
		{40C6A1BA-EB97-47AB-8C1B-74A5567DDAFB}.Debug|ARM.Build.0 = Debug|Any CPU
		{40C6A1BA-EB97-47AB-8C1B-74A5567DDAFB}.Debug|ARM.Deploy.0 = Debug|Any CPU
		{40C6A1BA-EB97-47AB-8C1B-74A5567DDAFB}.Debug|iPhone.ActiveCfg = Debug|Any CPU
		{40C6A1BA-EB97-47AB-8C1B-74A5567DDAFB}.Debug|iPhone.Build.0 = Debug|Any CPU
		{40C6A1BA-EB97-47AB-8C1B-74A5567DDAFB}.Debug|iPhone.Deploy.0 = Debug|Any CPU
		{40C6A1BA-EB97-47AB-8C1B-74A5567DDAFB}.Debug|iPhoneSimulator.ActiveCfg = Debug|Any CPU
		{40C6A1BA-EB97-47AB-8C1B-74A5567DDAFB}.Debug|iPhoneSimulator.Build.0 = Debug|Any CPU
		{40C6A1BA-EB97-47AB-8C1B-74A5567DDAFB}.Debug|iPhoneSimulator.Deploy.0 = Debug|Any CPU
		{40C6A1BA-EB97-47AB-8C1B-74A5567DDAFB}.Debug|x64.ActiveCfg = Debug|Any CPU
		{40C6A1BA-EB97-47AB-8C1B-74A5567DDAFB}.Debug|x64.Build.0 = Debug|Any CPU
		{40C6A1BA-EB97-47AB-8C1B-74A5567DDAFB}.Debug|x64.Deploy.0 = Debug|Any CPU
		{40C6A1BA-EB97-47AB-8C1B-74A5567DDAFB}.Debug|x86.ActiveCfg = Debug|Any CPU
		{40C6A1BA-EB97-47AB-8C1B-74A5567DDAFB}.Debug|x86.Build.0 = Debug|Any CPU
		{40C6A1BA-EB97-47AB-8C1B-74A5567DDAFB}.Debug|x86.Deploy.0 = Debug|Any CPU
		{40C6A1BA-EB97-47AB-8C1B-74A5567DDAFB}.Release|Any CPU.ActiveCfg = Release|Any CPU
		{40C6A1BA-EB97-47AB-8C1B-74A5567DDAFB}.Release|Any CPU.Build.0 = Release|Any CPU
		{40C6A1BA-EB97-47AB-8C1B-74A5567DDAFB}.Release|Any CPU.Deploy.0 = Release|Any CPU
		{40C6A1BA-EB97-47AB-8C1B-74A5567DDAFB}.Release|ARM.ActiveCfg = Release|Any CPU
		{40C6A1BA-EB97-47AB-8C1B-74A5567DDAFB}.Release|ARM.Build.0 = Release|Any CPU
		{40C6A1BA-EB97-47AB-8C1B-74A5567DDAFB}.Release|ARM.Deploy.0 = Release|Any CPU
		{40C6A1BA-EB97-47AB-8C1B-74A5567DDAFB}.Release|iPhone.ActiveCfg = Release|Any CPU
		{40C6A1BA-EB97-47AB-8C1B-74A5567DDAFB}.Release|iPhone.Build.0 = Release|Any CPU
		{40C6A1BA-EB97-47AB-8C1B-74A5567DDAFB}.Release|iPhone.Deploy.0 = Release|Any CPU
		{40C6A1BA-EB97-47AB-8C1B-74A5567DDAFB}.Release|iPhoneSimulator.ActiveCfg = Release|Any CPU
		{40C6A1BA-EB97-47AB-8C1B-74A5567DDAFB}.Release|iPhoneSimulator.Build.0 = Release|Any CPU
		{40C6A1BA-EB97-47AB-8C1B-74A5567DDAFB}.Release|iPhoneSimulator.Deploy.0 = Release|Any CPU
		{40C6A1BA-EB97-47AB-8C1B-74A5567DDAFB}.Release|x64.ActiveCfg = Release|Any CPU
		{40C6A1BA-EB97-47AB-8C1B-74A5567DDAFB}.Release|x64.Build.0 = Release|Any CPU
		{40C6A1BA-EB97-47AB-8C1B-74A5567DDAFB}.Release|x64.Deploy.0 = Release|Any CPU
		{40C6A1BA-EB97-47AB-8C1B-74A5567DDAFB}.Release|x86.ActiveCfg = Release|Any CPU
		{40C6A1BA-EB97-47AB-8C1B-74A5567DDAFB}.Release|x86.Build.0 = Release|Any CPU
		{40C6A1BA-EB97-47AB-8C1B-74A5567DDAFB}.Release|x86.Deploy.0 = Release|Any CPU
		{FE4C7EBE-FABC-4D56-BBAE-6B52543AD4B0}.Ad-Hoc|Any CPU.ActiveCfg = Release|Any CPU
		{FE4C7EBE-FABC-4D56-BBAE-6B52543AD4B0}.Ad-Hoc|Any CPU.Build.0 = Release|Any CPU
		{FE4C7EBE-FABC-4D56-BBAE-6B52543AD4B0}.Ad-Hoc|ARM.ActiveCfg = Release|Any CPU
		{FE4C7EBE-FABC-4D56-BBAE-6B52543AD4B0}.Ad-Hoc|ARM.Build.0 = Release|Any CPU
		{FE4C7EBE-FABC-4D56-BBAE-6B52543AD4B0}.Ad-Hoc|iPhone.ActiveCfg = Release|Any CPU
		{FE4C7EBE-FABC-4D56-BBAE-6B52543AD4B0}.Ad-Hoc|iPhone.Build.0 = Release|Any CPU
		{FE4C7EBE-FABC-4D56-BBAE-6B52543AD4B0}.Ad-Hoc|iPhoneSimulator.ActiveCfg = Release|Any CPU
		{FE4C7EBE-FABC-4D56-BBAE-6B52543AD4B0}.Ad-Hoc|iPhoneSimulator.Build.0 = Release|Any CPU
		{FE4C7EBE-FABC-4D56-BBAE-6B52543AD4B0}.Ad-Hoc|x64.ActiveCfg = Release|Any CPU
		{FE4C7EBE-FABC-4D56-BBAE-6B52543AD4B0}.Ad-Hoc|x64.Build.0 = Release|Any CPU
		{FE4C7EBE-FABC-4D56-BBAE-6B52543AD4B0}.Ad-Hoc|x86.ActiveCfg = Release|Any CPU
		{FE4C7EBE-FABC-4D56-BBAE-6B52543AD4B0}.Ad-Hoc|x86.Build.0 = Release|Any CPU
		{FE4C7EBE-FABC-4D56-BBAE-6B52543AD4B0}.AppStore|Any CPU.ActiveCfg = Release|Any CPU
		{FE4C7EBE-FABC-4D56-BBAE-6B52543AD4B0}.AppStore|Any CPU.Build.0 = Release|Any CPU
		{FE4C7EBE-FABC-4D56-BBAE-6B52543AD4B0}.AppStore|ARM.ActiveCfg = Release|Any CPU
		{FE4C7EBE-FABC-4D56-BBAE-6B52543AD4B0}.AppStore|ARM.Build.0 = Release|Any CPU
		{FE4C7EBE-FABC-4D56-BBAE-6B52543AD4B0}.AppStore|iPhone.ActiveCfg = Release|Any CPU
		{FE4C7EBE-FABC-4D56-BBAE-6B52543AD4B0}.AppStore|iPhone.Build.0 = Release|Any CPU
		{FE4C7EBE-FABC-4D56-BBAE-6B52543AD4B0}.AppStore|iPhoneSimulator.ActiveCfg = Release|Any CPU
		{FE4C7EBE-FABC-4D56-BBAE-6B52543AD4B0}.AppStore|iPhoneSimulator.Build.0 = Release|Any CPU
		{FE4C7EBE-FABC-4D56-BBAE-6B52543AD4B0}.AppStore|x64.ActiveCfg = Release|Any CPU
		{FE4C7EBE-FABC-4D56-BBAE-6B52543AD4B0}.AppStore|x64.Build.0 = Release|Any CPU
		{FE4C7EBE-FABC-4D56-BBAE-6B52543AD4B0}.AppStore|x86.ActiveCfg = Release|Any CPU
		{FE4C7EBE-FABC-4D56-BBAE-6B52543AD4B0}.AppStore|x86.Build.0 = Release|Any CPU
		{FE4C7EBE-FABC-4D56-BBAE-6B52543AD4B0}.Debug|Any CPU.ActiveCfg = Debug|Any CPU
		{FE4C7EBE-FABC-4D56-BBAE-6B52543AD4B0}.Debug|Any CPU.Build.0 = Debug|Any CPU
		{FE4C7EBE-FABC-4D56-BBAE-6B52543AD4B0}.Debug|ARM.ActiveCfg = Debug|Any CPU
		{FE4C7EBE-FABC-4D56-BBAE-6B52543AD4B0}.Debug|ARM.Build.0 = Debug|Any CPU
		{FE4C7EBE-FABC-4D56-BBAE-6B52543AD4B0}.Debug|iPhone.ActiveCfg = Debug|Any CPU
		{FE4C7EBE-FABC-4D56-BBAE-6B52543AD4B0}.Debug|iPhone.Build.0 = Debug|Any CPU
		{FE4C7EBE-FABC-4D56-BBAE-6B52543AD4B0}.Debug|iPhoneSimulator.ActiveCfg = Debug|Any CPU
		{FE4C7EBE-FABC-4D56-BBAE-6B52543AD4B0}.Debug|iPhoneSimulator.Build.0 = Debug|Any CPU
		{FE4C7EBE-FABC-4D56-BBAE-6B52543AD4B0}.Debug|x64.ActiveCfg = Debug|Any CPU
		{FE4C7EBE-FABC-4D56-BBAE-6B52543AD4B0}.Debug|x64.Build.0 = Debug|Any CPU
		{FE4C7EBE-FABC-4D56-BBAE-6B52543AD4B0}.Debug|x86.ActiveCfg = Debug|Any CPU
		{FE4C7EBE-FABC-4D56-BBAE-6B52543AD4B0}.Debug|x86.Build.0 = Debug|Any CPU
		{FE4C7EBE-FABC-4D56-BBAE-6B52543AD4B0}.Release|Any CPU.ActiveCfg = Release|Any CPU
		{FE4C7EBE-FABC-4D56-BBAE-6B52543AD4B0}.Release|Any CPU.Build.0 = Release|Any CPU
		{FE4C7EBE-FABC-4D56-BBAE-6B52543AD4B0}.Release|ARM.ActiveCfg = Release|Any CPU
		{FE4C7EBE-FABC-4D56-BBAE-6B52543AD4B0}.Release|ARM.Build.0 = Release|Any CPU
		{FE4C7EBE-FABC-4D56-BBAE-6B52543AD4B0}.Release|iPhone.ActiveCfg = Release|Any CPU
		{FE4C7EBE-FABC-4D56-BBAE-6B52543AD4B0}.Release|iPhone.Build.0 = Release|Any CPU
		{FE4C7EBE-FABC-4D56-BBAE-6B52543AD4B0}.Release|iPhoneSimulator.ActiveCfg = Release|Any CPU
		{FE4C7EBE-FABC-4D56-BBAE-6B52543AD4B0}.Release|iPhoneSimulator.Build.0 = Release|Any CPU
		{FE4C7EBE-FABC-4D56-BBAE-6B52543AD4B0}.Release|x64.ActiveCfg = Release|Any CPU
		{FE4C7EBE-FABC-4D56-BBAE-6B52543AD4B0}.Release|x64.Build.0 = Release|Any CPU
		{FE4C7EBE-FABC-4D56-BBAE-6B52543AD4B0}.Release|x86.ActiveCfg = Release|Any CPU
		{FE4C7EBE-FABC-4D56-BBAE-6B52543AD4B0}.Release|x86.Build.0 = Release|Any CPU
		{7FE77964-D343-437A-9276-919E3A366D67}.Ad-Hoc|Any CPU.ActiveCfg = Release|Any CPU
		{7FE77964-D343-437A-9276-919E3A366D67}.Ad-Hoc|Any CPU.Build.0 = Release|Any CPU
		{7FE77964-D343-437A-9276-919E3A366D67}.Ad-Hoc|ARM.ActiveCfg = Release|Any CPU
		{7FE77964-D343-437A-9276-919E3A366D67}.Ad-Hoc|ARM.Build.0 = Release|Any CPU
		{7FE77964-D343-437A-9276-919E3A366D67}.Ad-Hoc|iPhone.ActiveCfg = Release|Any CPU
		{7FE77964-D343-437A-9276-919E3A366D67}.Ad-Hoc|iPhone.Build.0 = Release|Any CPU
		{7FE77964-D343-437A-9276-919E3A366D67}.Ad-Hoc|iPhoneSimulator.ActiveCfg = Release|Any CPU
		{7FE77964-D343-437A-9276-919E3A366D67}.Ad-Hoc|iPhoneSimulator.Build.0 = Release|Any CPU
		{7FE77964-D343-437A-9276-919E3A366D67}.Ad-Hoc|x64.ActiveCfg = Release|Any CPU
		{7FE77964-D343-437A-9276-919E3A366D67}.Ad-Hoc|x64.Build.0 = Release|Any CPU
		{7FE77964-D343-437A-9276-919E3A366D67}.Ad-Hoc|x86.ActiveCfg = Release|Any CPU
		{7FE77964-D343-437A-9276-919E3A366D67}.Ad-Hoc|x86.Build.0 = Release|Any CPU
		{7FE77964-D343-437A-9276-919E3A366D67}.AppStore|Any CPU.ActiveCfg = Release|Any CPU
		{7FE77964-D343-437A-9276-919E3A366D67}.AppStore|Any CPU.Build.0 = Release|Any CPU
		{7FE77964-D343-437A-9276-919E3A366D67}.AppStore|ARM.ActiveCfg = Release|Any CPU
		{7FE77964-D343-437A-9276-919E3A366D67}.AppStore|ARM.Build.0 = Release|Any CPU
		{7FE77964-D343-437A-9276-919E3A366D67}.AppStore|iPhone.ActiveCfg = Release|Any CPU
		{7FE77964-D343-437A-9276-919E3A366D67}.AppStore|iPhone.Build.0 = Release|Any CPU
		{7FE77964-D343-437A-9276-919E3A366D67}.AppStore|iPhoneSimulator.ActiveCfg = Release|Any CPU
		{7FE77964-D343-437A-9276-919E3A366D67}.AppStore|iPhoneSimulator.Build.0 = Release|Any CPU
		{7FE77964-D343-437A-9276-919E3A366D67}.AppStore|x64.ActiveCfg = Release|Any CPU
		{7FE77964-D343-437A-9276-919E3A366D67}.AppStore|x64.Build.0 = Release|Any CPU
		{7FE77964-D343-437A-9276-919E3A366D67}.AppStore|x86.ActiveCfg = Release|Any CPU
		{7FE77964-D343-437A-9276-919E3A366D67}.AppStore|x86.Build.0 = Release|Any CPU
		{7FE77964-D343-437A-9276-919E3A366D67}.Debug|Any CPU.ActiveCfg = Debug|Any CPU
		{7FE77964-D343-437A-9276-919E3A366D67}.Debug|Any CPU.Build.0 = Debug|Any CPU
		{7FE77964-D343-437A-9276-919E3A366D67}.Debug|ARM.ActiveCfg = Debug|Any CPU
		{7FE77964-D343-437A-9276-919E3A366D67}.Debug|ARM.Build.0 = Debug|Any CPU
		{7FE77964-D343-437A-9276-919E3A366D67}.Debug|iPhone.ActiveCfg = Debug|Any CPU
		{7FE77964-D343-437A-9276-919E3A366D67}.Debug|iPhone.Build.0 = Debug|Any CPU
		{7FE77964-D343-437A-9276-919E3A366D67}.Debug|iPhoneSimulator.ActiveCfg = Debug|Any CPU
		{7FE77964-D343-437A-9276-919E3A366D67}.Debug|iPhoneSimulator.Build.0 = Debug|Any CPU
		{7FE77964-D343-437A-9276-919E3A366D67}.Debug|x64.ActiveCfg = Debug|Any CPU
		{7FE77964-D343-437A-9276-919E3A366D67}.Debug|x64.Build.0 = Debug|Any CPU
		{7FE77964-D343-437A-9276-919E3A366D67}.Debug|x86.ActiveCfg = Debug|Any CPU
		{7FE77964-D343-437A-9276-919E3A366D67}.Debug|x86.Build.0 = Debug|Any CPU
		{7FE77964-D343-437A-9276-919E3A366D67}.Release|Any CPU.ActiveCfg = Release|Any CPU
		{7FE77964-D343-437A-9276-919E3A366D67}.Release|Any CPU.Build.0 = Release|Any CPU
		{7FE77964-D343-437A-9276-919E3A366D67}.Release|ARM.ActiveCfg = Release|Any CPU
		{7FE77964-D343-437A-9276-919E3A366D67}.Release|ARM.Build.0 = Release|Any CPU
		{7FE77964-D343-437A-9276-919E3A366D67}.Release|iPhone.ActiveCfg = Release|Any CPU
		{7FE77964-D343-437A-9276-919E3A366D67}.Release|iPhone.Build.0 = Release|Any CPU
		{7FE77964-D343-437A-9276-919E3A366D67}.Release|iPhoneSimulator.ActiveCfg = Release|Any CPU
		{7FE77964-D343-437A-9276-919E3A366D67}.Release|iPhoneSimulator.Build.0 = Release|Any CPU
		{7FE77964-D343-437A-9276-919E3A366D67}.Release|x64.ActiveCfg = Release|Any CPU
		{7FE77964-D343-437A-9276-919E3A366D67}.Release|x64.Build.0 = Release|Any CPU
		{7FE77964-D343-437A-9276-919E3A366D67}.Release|x86.ActiveCfg = Release|Any CPU
		{7FE77964-D343-437A-9276-919E3A366D67}.Release|x86.Build.0 = Release|Any CPU
	EndGlobalSection
	GlobalSection(SolutionProperties) = preSolution
		HideSolutionNode = FALSE
	EndGlobalSection
	GlobalSection(NestedProjects) = preSolution
		{FE4C7EBE-FABC-4D56-BBAE-6B52543AD4B0} = {91FA4EB4-2DF4-413E-838F-7D910253D7C3}
		{7FE77964-D343-437A-9276-919E3A366D67} = {91FA4EB4-2DF4-413E-838F-7D910253D7C3}
	EndGlobalSection
	GlobalSection(ExtensibilityGlobals) = postSolution
		SolutionGuid = {84C2F313-D5A0-4CEB-9BF5-BAA0569096CC}
	EndGlobalSection
EndGlobal
